{
    "_readme": [
        "This file locks the dependencies of your project to a known state",
        "Read more about it at https://getcomposer.org/doc/01-basic-usage.md#installing-dependencies",
        "This file is @generated automatically"
    ],
    "content-hash": "f3676333dfdd8dbf84beb967eeb4dd64",
    "packages": [
        {
            "name": "sainan/jokes",
            "version": "v1.0.2",
            "source": {
                "type": "git",
                "url": "https://github.com/Sainan/Jokes.git",
                "reference": "2849b78defa75417e10727c843f5d1a0acd6ac49"
            },
            "dist": {
                "type": "zip",
                "url": "https://api.github.com/repos/Sainan/Jokes/zipball/2849b78defa75417e10727c843f5d1a0acd6ac49",
                "reference": "2849b78defa75417e10727c843f5d1a0acd6ac49",
                "shasum": ""
            },
            "require": {
                "php": ">=7.3"
            },
            "type": "library",
            "autoload": {
                "psr-4": {
                    "Sainan\\Jokes\\": "src/"
                }
            },
            "notification-url": "https://packagist.org/downloads/",
            "license": [
                "Unlicense"
            ],
            "homepage": "https://github.com/Sainan/Jokes",
            "support": {
                "issues": "https://github.com/Sainan/Jokes/issues",
                "source": "https://github.com/Sainan/Jokes/tree/v1.0.2"
            },
            "time": "2021-01-02T23:09:44+00:00"
        }
    ],
    "packages-dev": [
        {
            "name": "hell-sh/nose",
            "version": "v1.1.1",
            "source": {
                "type": "git",
                "url": "https://github.com/hell-sh/Nose.git",
                "reference": "51450f8e91fc7f51ea688b399e0dae8c7465b788"
            },
            "dist": {
                "type": "zip",
                "url": "https://api.github.com/repos/hell-sh/Nose/zipball/51450f8e91fc7f51ea688b399e0dae8c7465b788",
                "reference": "51450f8e91fc7f51ea688b399e0dae8c7465b788",
                "shasum": ""
            },
            "require": {
                "php": ">=7.0"
            },
            "bin": [
                "nose"
            ],
            "type": "library",
            "autoload": {
                "files": [
                    "src/AssertionFailedException.class.php",
                    "src/Nose.class.php"
                ]
            },
            "notification-url": "https://packagist.org/downloads/",
            "license": [
                "MIT"
            ],
            "description": "Nose sniffs out errors in your code with no dependencies.",
            "homepage": "https://github.com/hell-sh/Nose",
            "support": {
                "issues": "https://github.com/hell-sh/Nose/issues",
                "source": "https://github.com/hell-sh/Nose/tree/v1.1.1"
            },
            "time": "2021-01-05T18:34:37+00:00"
        }
    ],
    "aliases": [],
    "minimum-stability": "stable",
    "stability-flags": [],
    "prefer-stable": false,
    "prefer-lowest": false,
    "platform": {
        "php": ">=8.0"
    },
    "platform-dev": [],
    "plugin-api-version": "2.0.0"
}
