{
    "_readme": [
        "This file locks the dependencies of your project to a known state",
        "Read more about it at https://getcomposer.org/doc/01-basic-usage.md#installing-dependencies",
        "This file is @generated automatically"
    ],
    "content-hash": "103bbc7efdea377103a75ac0137d0e43",
    "packages": [
        {
            "name": "sainan/jokes",
            "version": "v1.0",
            "source": {
                "type": "git",
                "url": "https://github.com/Sainan/Jokes.git",
                "reference": "b7203cb4cc51ff31140133a7cc1bac93b9552597"
            },
            "dist": {
                "type": "zip",
                "url": "https://api.github.com/repos/Sainan/Jokes/zipball/b7203cb4cc51ff31140133a7cc1bac93b9552597",
                "reference": "b7203cb4cc51ff31140133a7cc1bac93b9552597",
                "shasum": ""
            },
            "type": "library",
            "autoload": {
                "psr-4": {
                    "Sainan\\Jokes\\": "src/"
                }
            },
            "notification-url": "https://packagist.org/downloads/",
            "license": [
                "Unlicense"
            ],
            "homepage": "https://github.com/Sainan/Jokes",
            "support": {
                "issues": "https://github.com/Sainan/Jokes/issues",
                "source": "https://github.com/Sainan/Jokes/tree/v1.0"
            },
            "time": "2021-01-02T11:19:13+00:00"
        }
    ],
    "packages-dev": [
        {
            "name": "hell-sh/nose",
            "version": "v1.1.0",
            "source": {
                "type": "git",
                "url": "https://github.com/hell-sh/Nose.git",
                "reference": "01910dd980b4e0b0244f50b20148955498ca8f20"
            },
            "dist": {
                "type": "zip",
                "url": "https://api.github.com/repos/hell-sh/Nose/zipball/01910dd980b4e0b0244f50b20148955498ca8f20",
                "reference": "01910dd980b4e0b0244f50b20148955498ca8f20",
                "shasum": ""
            },
            "bin": [
                "nose"
            ],
            "type": "library",
            "autoload": {
                "files": [
                    "src/AssertionFailedException.class.php",
                    "src/Nose.class.php"
                ]
            },
            "notification-url": "https://packagist.org/downloads/",
            "license": [
                "MIT"
            ],
            "description": "Nose sniffs out errors in your code with no dependencies.",
            "homepage": "https://github.com/hell-sh/Nose",
            "support": {
                "issues": "https://github.com/hell-sh/Nose/issues",
                "source": "https://github.com/hell-sh/Nose/tree/master"
            },
            "time": "2019-06-25T13:22:02+00:00"
        }
    ],
    "aliases": [],
    "minimum-stability": "stable",
    "stability-flags": [],
    "prefer-stable": false,
    "prefer-lowest": false,
    "platform": [],
    "platform-dev": [],
    "plugin-api-version": "2.0.0"
}
